Microsoft Visual Studio Solution File, Format Version 12.00
# Visual Studio Version 16
VisualStudioVersion = 16.0.30621.155
MinimumVisualStudioVersion = 10.0.40219.1
Project("{8BC9CEB8-8B4A-11D0-8D11-00A0C91BC942}") = "SIwithET", "SIwithET\SIwithET.vcxproj", "{0BDB13C2-BBDC-4A21-BBA8-F159DA2423FE}"
EndProject
Project("{8BC9CEB8-8B4A-11D0-8D11-00A0C91BC942}") = "test", "test\test.vcxproj", "{C5DB876B-10EE-43A2-B829-45D9B152AF53}"
	ProjectSection(ProjectDependencies) = postProject
		{0BDB13C2-BBDC-4A21-BBA8-F159DA2423FE} = {0BDB13C2-BBDC-4A21-BBA8-F159DA2423FE}
	EndProjectSection
EndProject
Global
	GlobalSection(SolutionConfigurationPlatforms) = preSolution
		Debug Crossplatform Setting|Win32 = Debug Crossplatform Setting|Win32
		Debug Crossplatform Setting|x64 = Debug Crossplatform Setting|x64
		Debug DLL|Win32 = Debug DLL|Win32
		Debug DLL|x64 = Debug DLL|x64
		Debug Unicode|Win32 = Debug Unicode|Win32
		Debug Unicode|x64 = Debug Unicode|x64
		Debug|Win32 = Debug|Win32
		Debug|x64 = Debug|x64
		Release DLL|Win32 = Release DLL|Win32
		Release DLL|x64 = Release DLL|x64
		Release Unicode|Win32 = Release Unicode|Win32
		Release Unicode|x64 = Release Unicode|x64
		Release|Win32 = Release|Win32
		Release|x64 = Release|x64
	EndGlobalSection
	GlobalSection(ProjectConfigurationPlatforms) = postSolution
		{0BDB13C2-BBDC-4A21-BBA8-F159DA2423FE}.Debug Crossplatform Setting|Win32.ActiveCfg = Debug|Win32
		{0BDB13C2-BBDC-4A21-BBA8-F159DA2423FE}.Debug Crossplatform Setting|Win32.Build.0 = Debug|Win32
		{0BDB13C2-BBDC-4A21-BBA8-F159DA2423FE}.Debug Crossplatform Setting|x64.ActiveCfg = Debug|x64
		{0BDB13C2-BBDC-4A21-BBA8-F159DA2423FE}.Debug Crossplatform Setting|x64.Build.0 = Debug|x64
		{0BDB13C2-BBDC-4A21-BBA8-F159DA2423FE}.Debug DLL|Win32.ActiveCfg = Debug|Win32
		{0BDB13C2-BBDC-4A21-BBA8-F159DA2423FE}.Debug DLL|Win32.Build.0 = Debug|Win32
		{0BDB13C2-BBDC-4A21-BBA8-F159DA2423FE}.Debug DLL|x64.ActiveCfg = Debug|x64
		{0BDB13C2-BBDC-4A21-BBA8-F159DA2423FE}.Debug DLL|x64.Build.0 = Debug|x64
		{0BDB13C2-BBDC-4A21-BBA8-F159DA2423FE}.Debug Unicode|Win32.ActiveCfg = Debug|Win32
		{0BDB13C2-BBDC-4A21-BBA8-F159DA2423FE}.Debug Unicode|Win32.Build.0 = Debug|Win32
		{0BDB13C2-BBDC-4A21-BBA8-F159DA2423FE}.Debug Unicode|x64.ActiveCfg = Debug|x64
		{0BDB13C2-BBDC-4A21-BBA8-F159DA2423FE}.Debug Unicode|x64.Build.0 = Debug|x64
		{0BDB13C2-BBDC-4A21-BBA8-F159DA2423FE}.Debug|Win32.ActiveCfg = Debug|Win32
		{0BDB13C2-BBDC-4A21-BBA8-F159DA2423FE}.Debug|Win32.Build.0 = Debug|Win32
		{0BDB13C2-BBDC-4A21-BBA8-F159DA2423FE}.Debug|x64.ActiveCfg = Debug|x64
		{0BDB13C2-BBDC-4A21-BBA8-F159DA2423FE}.Debug|x64.Build.0 = Debug|x64
		{0BDB13C2-BBDC-4A21-BBA8-F159DA2423FE}.Release DLL|Win32.ActiveCfg = Release|Win32
		{0BDB13C2-BBDC-4A21-BBA8-F159DA2423FE}.Release DLL|Win32.Build.0 = Release|Win32
		{0BDB13C2-BBDC-4A21-BBA8-F159DA2423FE}.Release DLL|x64.ActiveCfg = Release|x64
		{0BDB13C2-BBDC-4A21-BBA8-F159DA2423FE}.Release DLL|x64.Build.0 = Release|x64
		{0BDB13C2-BBDC-4A21-BBA8-F159DA2423FE}.Release Unicode|Win32.ActiveCfg = Release|Win32
		{0BDB13C2-BBDC-4A21-BBA8-F159DA2423FE}.Release Unicode|Win32.Build.0 = Release|Win32
		{0BDB13C2-BBDC-4A21-BBA8-F159DA2423FE}.Release Unicode|x64.ActiveCfg = Release|x64
		{0BDB13C2-BBDC-4A21-BBA8-F159DA2423FE}.Release Unicode|x64.Build.0 = Release|x64
		{0BDB13C2-BBDC-4A21-BBA8-F159DA2423FE}.Release|Win32.ActiveCfg = Release|Win32
		{0BDB13C2-BBDC-4A21-BBA8-F159DA2423FE}.Release|Win32.Build.0 = Release|Win32
		{0BDB13C2-BBDC-4A21-BBA8-F159DA2423FE}.Release|x64.ActiveCfg = Release|x64
		{0BDB13C2-BBDC-4A21-BBA8-F159DA2423FE}.Release|x64.Build.0 = Release|x64
		{C5DB876B-10EE-43A2-B829-45D9B152AF53}.Debug Crossplatform Setting|Win32.ActiveCfg = Debug|Win32
		{C5DB876B-10EE-43A2-B829-45D9B152AF53}.Debug Crossplatform Setting|Win32.Build.0 = Debug|Win32
		{C5DB876B-10EE-43A2-B829-45D9B152AF53}.Debug Crossplatform Setting|x64.ActiveCfg = Debug|x64
		{C5DB876B-10EE-43A2-B829-45D9B152AF53}.Debug Crossplatform Setting|x64.Build.0 = Debug|x64
		{C5DB876B-10EE-43A2-B829-45D9B152AF53}.Debug DLL|Win32.ActiveCfg = Debug|Win32
		{C5DB876B-10EE-43A2-B829-45D9B152AF53}.Debug DLL|Win32.Build.0 = Debug|Win32
		{C5DB876B-10EE-43A2-B829-45D9B152AF53}.Debug DLL|x64.ActiveCfg = Debug|x64
		{C5DB876B-10EE-43A2-B829-45D9B152AF53}.Debug DLL|x64.Build.0 = Debug|x64
		{C5DB876B-10EE-43A2-B829-45D9B152AF53}.Debug Unicode|Win32.ActiveCfg = Debug|Win32
		{C5DB876B-10EE-43A2-B829-45D9B152AF53}.Debug Unicode|Win32.Build.0 = Debug|Win32
		{C5DB876B-10EE-43A2-B829-45D9B152AF53}.Debug Unicode|x64.ActiveCfg = Debug|x64
		{C5DB876B-10EE-43A2-B829-45D9B152AF53}.Debug Unicode|x64.Build.0 = Debug|x64
		{C5DB876B-10EE-43A2-B829-45D9B152AF53}.Debug|Win32.ActiveCfg = Debug|Win32
		{C5DB876B-10EE-43A2-B829-45D9B152AF53}.Debug|Win32.Build.0 = Debug|Win32
		{C5DB876B-10EE-43A2-B829-45D9B152AF53}.Debug|x64.ActiveCfg = Debug|x64
		{C5DB876B-10EE-43A2-B829-45D9B152AF53}.Debug|x64.Build.0 = Debug|x64
		{C5DB876B-10EE-43A2-B829-45D9B152AF53}.Release DLL|Win32.ActiveCfg = Release|Win32
		{C5DB876B-10EE-43A2-B829-45D9B152AF53}.Release DLL|Win32.Build.0 = Release|Win32
		{C5DB876B-10EE-43A2-B829-45D9B152AF53}.Release DLL|x64.ActiveCfg = Release|x64
		{C5DB876B-10EE-43A2-B829-45D9B152AF53}.Release DLL|x64.Build.0 = Release|x64
		{C5DB876B-10EE-43A2-B829-45D9B152AF53}.Release Unicode|Win32.ActiveCfg = Release|Win32
		{C5DB876B-10EE-43A2-B829-45D9B152AF53}.Release Unicode|Win32.Build.0 = Release|Win32
		{C5DB876B-10EE-43A2-B829-45D9B152AF53}.Release Unicode|x64.ActiveCfg = Release|x64
		{C5DB876B-10EE-43A2-B829-45D9B152AF53}.Release Unicode|x64.Build.0 = Release|x64
		{C5DB876B-10EE-43A2-B829-45D9B152AF53}.Release|Win32.ActiveCfg = Release|Win32
		{C5DB876B-10EE-43A2-B829-45D9B152AF53}.Release|Win32.Build.0 = Release|Win32
		{C5DB876B-10EE-43A2-B829-45D9B152AF53}.Release|x64.ActiveCfg = Release|x64
		{C5DB876B-10EE-43A2-B829-45D9B152AF53}.Release|x64.Build.0 = Release|x64
	EndGlobalSection
	GlobalSection(SolutionProperties) = preSolution
		HideSolutionNode = FALSE
	EndGlobalSection
	GlobalSection(ExtensibilityGlobals) = postSolution
		SolutionGuid = {DC6BEF17-D0D3-439A-A870-C542D3C6CCAC}
	EndGlobalSection
EndGlobal
